// !$*UTF8*$!
{
	archiveVersion = 1;
	classes = {
	};
	objectVersion = 56;
	objects = {

/* Begin PBXBuildFile section */
		0428D6B32C9D31E000C748FA /* PetShop.swift in Sources */ = {isa = PBXBuildFile; fileRef = 0428D6B22C9D31E000C748FA /* PetShop.swift */; };
		0465D5452C9BD85000765D53 /* Step1View.swift in Sources */ = {isa = PBXBuildFile; fileRef = 0465D5442C9BD85000765D53 /* Step1View.swift */; };
		0465D5472C9BD85B00765D53 /* Step2View.swift in Sources */ = {isa = PBXBuildFile; fileRef = 0465D5462C9BD85B00765D53 /* Step2View.swift */; };
		0465D5492C9BD86300765D53 /* ChooseBPView.swift in Sources */ = {isa = PBXBuildFile; fileRef = 0465D5482C9BD86300765D53 /* ChooseBPView.swift */; };
		0465D5662C9D727400765D53 /* DotProgressView.swift in Sources */ = {isa = PBXBuildFile; fileRef = 0465D5652C9D727400765D53 /* DotProgressView.swift */; };
		0465D5682C9D76F900765D53 /* GetStartedView2.swift in Sources */ = {isa = PBXBuildFile; fileRef = 0465D5672C9D76F900765D53 /* GetStartedView2.swift */; };
		0465D56A2CA127D300765D53 /* ChooseDBHView.swift in Sources */ = {isa = PBXBuildFile; fileRef = 0465D5692CA127D300765D53 /* ChooseDBHView.swift */; };
		0465D56C2CA128D900765D53 /* ChooseISView.swift in Sources */ = {isa = PBXBuildFile; fileRef = 0465D56B2CA128D900765D53 /* ChooseISView.swift */; };
		0465D56E2CA15FDB00765D53 /* chooseTest.swift in Sources */ = {isa = PBXBuildFile; fileRef = 0465D56D2CA15FDB00765D53 /* chooseTest.swift */; };
		047F71C92CA27CE000B8D82F /* PlansView.swift in Sources */ = {isa = PBXBuildFile; fileRef = 047F71C82CA27CE000B8D82F /* PlansView.swift */; };
		049A22E12C912ECA0071854C /* tamagotchiApp.swift in Sources */ = {isa = PBXBuildFile; fileRef = 049A22E02C912ECA0071854C /* tamagotchiApp.swift */; };
		049A22E32C912ECA0071854C /* ContentView.swift in Sources */ = {isa = PBXBuildFile; fileRef = 049A22E22C912ECA0071854C /* ContentView.swift */; };
		049A22E52C912ECA0071854C /* Item.swift in Sources */ = {isa = PBXBuildFile; fileRef = 049A22E42C912ECA0071854C /* Item.swift */; };
		049A22F42C912ECB0071854C /* tamagotchiTests.swift in Sources */ = {isa = PBXBuildFile; fileRef = 049A22F32C912ECB0071854C /* tamagotchiTests.swift */; };
		049A22FE2C912ECB0071854C /* tamagotchiUITests.swift in Sources */ = {isa = PBXBuildFile; fileRef = 049A22FD2C912ECB0071854C /* tamagotchiUITests.swift */; };
		049A23002C912ECB0071854C /* tamagotchiUITestsLaunchTests.swift in Sources */ = {isa = PBXBuildFile; fileRef = 049A22FF2C912ECB0071854C /* tamagotchiUITestsLaunchTests.swift */; };
		049A23122C9133810071854C /* Notification.swift in Sources */ = {isa = PBXBuildFile; fileRef = 049A23112C9133810071854C /* Notification.swift */; };
		049A23142C9133F60071854C /* Pet.swift in Sources */ = {isa = PBXBuildFile; fileRef = 049A23132C9133F60071854C /* Pet.swift */; };
		049A23182C9136B60071854C /* TaskItem.swift in Sources */ = {isa = PBXBuildFile; fileRef = 049A23172C9136B60071854C /* TaskItem.swift */; };
		049A231C2C9138460071854C /* TaskList.swift in Sources */ = {isa = PBXBuildFile; fileRef = 049A231B2C9138460071854C /* TaskList.swift */; };
		049A231E2C91393F0071854C /* LoginView.swift in Sources */ = {isa = PBXBuildFile; fileRef = 049A231D2C91393F0071854C /* LoginView.swift */; };
		049A23252C9143340071854C /* FirebaseAnalytics in Frameworks */ = {isa = PBXBuildFile; productRef = 049A23242C9143340071854C /* FirebaseAnalytics */; };
		049A23312C9299000071854C /* FirebaseDatabase in Frameworks */ = {isa = PBXBuildFile; productRef = 049A23302C9299000071854C /* FirebaseDatabase */; };
		049A23432C93E2650071854C /* PetMainView.swift in Sources */ = {isa = PBXBuildFile; fileRef = 049A23422C93E2650071854C /* PetMainView.swift */; };
		049A23452C93E2CB0071854C /* FriendsMainView.swift in Sources */ = {isa = PBXBuildFile; fileRef = 049A23442C93E2CB0071854C /* FriendsMainView.swift */; };
		049A23472C93E3940071854C /* HomeView.swift in Sources */ = {isa = PBXBuildFile; fileRef = 049A23462C93E3940071854C /* HomeView.swift */; };
		049A23492C93E4890071854C /* TaskListCreateView.swift in Sources */ = {isa = PBXBuildFile; fileRef = 049A23482C93E4890071854C /* TaskListCreateView.swift */; };
		049A234D2C93FB4A0071854C /* TaskItemView.swift in Sources */ = {isa = PBXBuildFile; fileRef = 049A234C2C93FB4A0071854C /* TaskItemView.swift */; };
		04BC84252C9BCC9300F90E0A /* GoogleService-Info.plist in Resources */ = {isa = PBXBuildFile; fileRef = 04BC84242C9BCC9300F90E0A /* GoogleService-Info.plist */; };
		04F474A82CA284BC00FE60D1 /* FinalizePlanView.swift in Sources */ = {isa = PBXBuildFile; fileRef = 04F474A72CA284BC00FE60D1 /* FinalizePlanView.swift */; };
		04FF3B862C9AB73900F0C0D7 /* TaskListDetailsView.swift in Sources */ = {isa = PBXBuildFile; fileRef = 04FF3B852C9AB73900F0C0D7 /* TaskListDetailsView.swift */; };
		049DA36D2C9A891700E9B05B /* AddFriendsView.swift in Sources */ = {isa = PBXBuildFile; fileRef = 049DA36C2C9A891700E9B05B /* AddFriendsView.swift */; };
		04B562FB2C9A8EE900FEF65E /* GoogleService-Info.plist in Resources */ = {isa = PBXBuildFile; fileRef = 04B562FA2C9A8EE900FEF65E /* GoogleService-Info.plist */; };
		049BD1ED2CA273AC0051EB42 /* Rabbit.usdz in Resources */ = {isa = PBXBuildFile; fileRef = 049BD1EC2CA273AC0051EB42 /* Rabbit.usdz */; };
		049BD1EF2CA273FB0051EB42 /* User.swift in Sources */ = {isa = PBXBuildFile; fileRef = 049BD1EE2CA273FB0051EB42 /* User.swift */; };
		049BD1F42CA2743D0051EB42 /* TaskListCreateView.swift in Sources */ = {isa = PBXBuildFile; fileRef = 049BD1F02CA2743D0051EB42 /* TaskListCreateView.swift */; };
		049BD1F52CA2743D0051EB42 /* TaskListDetailsView.swift in Sources */ = {isa = PBXBuildFile; fileRef = 049BD1F12CA2743D0051EB42 /* TaskListDetailsView.swift */; };
		049BD1F62CA2743D0051EB42 /* TaskListSharedView.swift in Sources */ = {isa = PBXBuildFile; fileRef = 049BD1F22CA2743D0051EB42 /* TaskListSharedView.swift */; };
		049BD1F72CA2743D0051EB42 /* TaskListHomeView.swift in Sources */ = {isa = PBXBuildFile; fileRef = 049BD1F32CA2743D0051EB42 /* TaskListHomeView.swift */; };
		049BD1F92CA275C40051EB42 /* FirebaseFirestore in Frameworks */ = {isa = PBXBuildFile; productRef = 049BD1F82CA275C40051EB42 /* FirebaseFirestore */; };
		049BD2032CA276130051EB42 /* StoreShopItem.swift in Sources */ = {isa = PBXBuildFile; fileRef = 049BD1FA2CA276130051EB42 /* StoreShopItem.swift */; };
		049BD2042CA276130051EB42 /* ConfettiElement.swift in Sources */ = {isa = PBXBuildFile; fileRef = 049BD1FB2CA276130051EB42 /* ConfettiElement.swift */; };
		049BD2052CA276130051EB42 /* AnimatedImage.swift in Sources */ = {isa = PBXBuildFile; fileRef = 049BD1FC2CA276130051EB42 /* AnimatedImage.swift */; };
		049BD2062CA276130051EB42 /* TaskItemView.swift in Sources */ = {isa = PBXBuildFile; fileRef = 049BD1FD2CA276130051EB42 /* TaskItemView.swift */; };
		049BD2072CA276130051EB42 /* ThreeDots.swift in Sources */ = {isa = PBXBuildFile; fileRef = 049BD1FE2CA276130051EB42 /* ThreeDots.swift */; };
		049BD2082CA276130051EB42 /* Toast.swift in Sources */ = {isa = PBXBuildFile; fileRef = 049BD1FF2CA276130051EB42 /* Toast.swift */; };
		049BD2092CA276130051EB42 /* SharedRowView.swift in Sources */ = {isa = PBXBuildFile; fileRef = 049BD2002CA276130051EB42 /* SharedRowView.swift */; };
		049BD20A2CA276130051EB42 /* ProcessRowView.swift in Sources */ = {isa = PBXBuildFile; fileRef = 049BD2012CA276130051EB42 /* ProcessRowView.swift */; };
		049BD20B2CA276130051EB42 /* TaskItemCheckbox.swift in Sources */ = {isa = PBXBuildFile; fileRef = 049BD2022CA276130051EB42 /* TaskItemCheckbox.swift */; };
		049BD20D2CA2764D0051EB42 /* TaskManager.swift in Sources */ = {isa = PBXBuildFile; fileRef = 049BD20C2CA2764D0051EB42 /* TaskManager.swift */; };
		049BD2132CA277BE0051EB42 /* GoogleService-Info.plist in Resources */ = {isa = PBXBuildFile; fileRef = 049BD2122CA277BE0051EB42 /* GoogleService-Info.plist */; };
		049BD2142CA27BD10051EB42 /* Assets.xcassets in Resources */ = {isa = PBXBuildFile; fileRef = 049A22E62C912ECB0071854C /* Assets.xcassets */; };
		049BD2192CA27C480051EB42 /* ARViewContainer.swift in Sources */ = {isa = PBXBuildFile; fileRef = 049BD2152CA27C480051EB42 /* ARViewContainer.swift */; };
		049BD21A2CA27C480051EB42 /* OtherView.swift in Sources */ = {isa = PBXBuildFile; fileRef = 049BD2162CA27C480051EB42 /* OtherView.swift */; };
		049BD21B2CA27C480051EB42 /* SheetView.swift in Sources */ = {isa = PBXBuildFile; fileRef = 049BD2172CA27C480051EB42 /* SheetView.swift */; };
		049BD21E2CA27FBE0051EB42 /* UserData.swift in Sources */ = {isa = PBXBuildFile; fileRef = 049BD21D2CA27FBE0051EB42 /* UserData.swift */; };
		04A2CFDC2CA0FD3F0061DCC2 /* ShopItem.swift in Sources */ = {isa = PBXBuildFile; fileRef = 04A2CFDB2CA0FD3F0061DCC2 /* ShopItem.swift */; };
/* End PBXBuildFile section */

/* Begin PBXContainerItemProxy section */
		049A22F02C912ECB0071854C /* PBXContainerItemProxy */ = {
			isa = PBXContainerItemProxy;
			containerPortal = 049A22D52C912ECA0071854C /* Project object */;
			proxyType = 1;
			remoteGlobalIDString = 049A22DC2C912ECA0071854C;
			remoteInfo = tamagotchi;
		};
		049A22FA2C912ECB0071854C /* PBXContainerItemProxy */ = {
			isa = PBXContainerItemProxy;
			containerPortal = 049A22D52C912ECA0071854C /* Project object */;
			proxyType = 1;
			remoteGlobalIDString = 049A22DC2C912ECA0071854C;
			remoteInfo = tamagotchi;
		};
/* End PBXContainerItemProxy section */

/* Begin PBXFileReference section */
		0428D6B22C9D31E000C748FA /* PetShop.swift */ = {isa = PBXFileReference; lastKnownFileType = sourcecode.swift; path = PetShop.swift; sourceTree = "<group>"; };
		0465D5442C9BD85000765D53 /* Step1View.swift */ = {isa = PBXFileReference; lastKnownFileType = sourcecode.swift; path = Step1View.swift; sourceTree = "<group>"; };
		0465D5462C9BD85B00765D53 /* Step2View.swift */ = {isa = PBXFileReference; lastKnownFileType = sourcecode.swift; path = Step2View.swift; sourceTree = "<group>"; };
		0465D5482C9BD86300765D53 /* ChooseBPView.swift */ = {isa = PBXFileReference; lastKnownFileType = sourcecode.swift; path = ChooseBPView.swift; sourceTree = "<group>"; };
		0465D5652C9D727400765D53 /* DotProgressView.swift */ = {isa = PBXFileReference; lastKnownFileType = sourcecode.swift; path = DotProgressView.swift; sourceTree = "<group>"; };
		0465D5672C9D76F900765D53 /* GetStartedView2.swift */ = {isa = PBXFileReference; lastKnownFileType = sourcecode.swift; path = GetStartedView2.swift; sourceTree = "<group>"; };
		0465D5692CA127D300765D53 /* ChooseDBHView.swift */ = {isa = PBXFileReference; lastKnownFileType = sourcecode.swift; path = ChooseDBHView.swift; sourceTree = "<group>"; };
		0465D56B2CA128D900765D53 /* ChooseISView.swift */ = {isa = PBXFileReference; lastKnownFileType = sourcecode.swift; path = ChooseISView.swift; sourceTree = "<group>"; };
		0465D56D2CA15FDB00765D53 /* chooseTest.swift */ = {isa = PBXFileReference; lastKnownFileType = sourcecode.swift; path = chooseTest.swift; sourceTree = "<group>"; };
		047F71C82CA27CE000B8D82F /* PlansView.swift */ = {isa = PBXFileReference; lastKnownFileType = sourcecode.swift; path = PlansView.swift; sourceTree = "<group>"; };
		049A22DD2C912ECA0071854C /* tamagotchi.app */ = {isa = PBXFileReference; explicitFileType = wrapper.application; includeInIndex = 0; path = tamagotchi.app; sourceTree = BUILT_PRODUCTS_DIR; };
		049A22E02C912ECA0071854C /* tamagotchiApp.swift */ = {isa = PBXFileReference; lastKnownFileType = sourcecode.swift; path = tamagotchiApp.swift; sourceTree = "<group>"; };
		049A22E22C912ECA0071854C /* ContentView.swift */ = {isa = PBXFileReference; lastKnownFileType = sourcecode.swift; path = ContentView.swift; sourceTree = "<group>"; };
		049A22E42C912ECA0071854C /* Item.swift */ = {isa = PBXFileReference; lastKnownFileType = sourcecode.swift; path = Item.swift; sourceTree = "<group>"; };
		049A22E62C912ECB0071854C /* Assets.xcassets */ = {isa = PBXFileReference; lastKnownFileType = folder.assetcatalog; path = Assets.xcassets; sourceTree = "<group>"; };
		049A22E92C912ECB0071854C /* Preview Assets.xcassets */ = {isa = PBXFileReference; lastKnownFileType = folder.assetcatalog; path = "Preview Assets.xcassets"; sourceTree = "<group>"; };
		049A22EF2C912ECB0071854C /* tamagotchiTests.xctest */ = {isa = PBXFileReference; explicitFileType = wrapper.cfbundle; includeInIndex = 0; path = tamagotchiTests.xctest; sourceTree = BUILT_PRODUCTS_DIR; };
		049A22F32C912ECB0071854C /* tamagotchiTests.swift */ = {isa = PBXFileReference; lastKnownFileType = sourcecode.swift; path = tamagotchiTests.swift; sourceTree = "<group>"; };
		049A22F92C912ECB0071854C /* tamagotchiUITests.xctest */ = {isa = PBXFileReference; explicitFileType = wrapper.cfbundle; includeInIndex = 0; path = tamagotchiUITests.xctest; sourceTree = BUILT_PRODUCTS_DIR; };
		049A22FD2C912ECB0071854C /* tamagotchiUITests.swift */ = {isa = PBXFileReference; lastKnownFileType = sourcecode.swift; path = tamagotchiUITests.swift; sourceTree = "<group>"; };
		049A22FF2C912ECB0071854C /* tamagotchiUITestsLaunchTests.swift */ = {isa = PBXFileReference; lastKnownFileType = sourcecode.swift; path = tamagotchiUITestsLaunchTests.swift; sourceTree = "<group>"; };
		049A23112C9133810071854C /* Notification.swift */ = {isa = PBXFileReference; lastKnownFileType = sourcecode.swift; path = Notification.swift; sourceTree = "<group>"; };
		049A23132C9133F60071854C /* Pet.swift */ = {isa = PBXFileReference; lastKnownFileType = sourcecode.swift; path = Pet.swift; sourceTree = "<group>"; };
		049A23172C9136B60071854C /* TaskItem.swift */ = {isa = PBXFileReference; lastKnownFileType = sourcecode.swift; path = TaskItem.swift; sourceTree = "<group>"; };
		049A231B2C9138460071854C /* TaskList.swift */ = {isa = PBXFileReference; lastKnownFileType = sourcecode.swift; path = TaskList.swift; sourceTree = "<group>"; };
		049A231D2C91393F0071854C /* LoginView.swift */ = {isa = PBXFileReference; lastKnownFileType = sourcecode.swift; path = LoginView.swift; sourceTree = "<group>"; };
		049A23422C93E2650071854C /* PetMainView.swift */ = {isa = PBXFileReference; lastKnownFileType = sourcecode.swift; path = PetMainView.swift; sourceTree = "<group>"; };
		049A23442C93E2CB0071854C /* FriendsMainView.swift */ = {isa = PBXFileReference; lastKnownFileType = sourcecode.swift; path = FriendsMainView.swift; sourceTree = "<group>"; };
		049A23462C93E3940071854C /* HomeView.swift */ = {isa = PBXFileReference; lastKnownFileType = sourcecode.swift; path = HomeView.swift; sourceTree = "<group>"; };
		049A23482C93E4890071854C /* TaskListCreateView.swift */ = {isa = PBXFileReference; lastKnownFileType = sourcecode.swift; path = TaskListCreateView.swift; sourceTree = "<group>"; };
		049A234C2C93FB4A0071854C /* TaskItemView.swift */ = {isa = PBXFileReference; lastKnownFileType = sourcecode.swift; path = TaskItemView.swift; sourceTree = "<group>"; };
		04BC84242C9BCC9300F90E0A /* GoogleService-Info.plist */ = {isa = PBXFileReference; fileEncoding = 4; lastKnownFileType = text.plist.xml; name = "GoogleService-Info.plist"; path = "../../../../Downloads/GoogleService-Info.plist"; sourceTree = "<group>"; };
		04F474A72CA284BC00FE60D1 /* FinalizePlanView.swift */ = {isa = PBXFileReference; lastKnownFileType = sourcecode.swift; path = FinalizePlanView.swift; sourceTree = "<group>"; };
		04FF3B852C9AB73900F0C0D7 /* TaskListDetailsView.swift */ = {isa = PBXFileReference; lastKnownFileType = sourcecode.swift; path = TaskListDetailsView.swift; sourceTree = "<group>"; };
		049DA36C2C9A891700E9B05B /* AddFriendsView.swift */ = {isa = PBXFileReference; lastKnownFileType = sourcecode.swift; path = AddFriendsView.swift; sourceTree = "<group>"; };
		04B562FA2C9A8EE900FEF65E /* GoogleService-Info.plist */ = {isa = PBXFileReference; fileEncoding = 4; lastKnownFileType = text.plist.xml; name = "GoogleService-Info.plist"; path = "../../../Downloads/GoogleService-Info.plist"; sourceTree = "<group>"; };
		049BD1EC2CA273AC0051EB42 /* Rabbit.usdz */ = {isa = PBXFileReference; lastKnownFileType = file.usdz; path = Rabbit.usdz; sourceTree = "<group>"; };
		049BD1EE2CA273FB0051EB42 /* User.swift */ = {isa = PBXFileReference; fileEncoding = 4; lastKnownFileType = sourcecode.swift; path = User.swift; sourceTree = "<group>"; };
		049BD1F02CA2743D0051EB42 /* TaskListCreateView.swift */ = {isa = PBXFileReference; fileEncoding = 4; lastKnownFileType = sourcecode.swift; path = TaskListCreateView.swift; sourceTree = "<group>"; };
		049BD1F12CA2743D0051EB42 /* TaskListDetailsView.swift */ = {isa = PBXFileReference; fileEncoding = 4; lastKnownFileType = sourcecode.swift; path = TaskListDetailsView.swift; sourceTree = "<group>"; };
		049BD1F22CA2743D0051EB42 /* TaskListSharedView.swift */ = {isa = PBXFileReference; fileEncoding = 4; lastKnownFileType = sourcecode.swift; path = TaskListSharedView.swift; sourceTree = "<group>"; };
		049BD1F32CA2743D0051EB42 /* TaskListHomeView.swift */ = {isa = PBXFileReference; fileEncoding = 4; lastKnownFileType = sourcecode.swift; path = TaskListHomeView.swift; sourceTree = "<group>"; };
		049BD1FA2CA276130051EB42 /* StoreShopItem.swift */ = {isa = PBXFileReference; fileEncoding = 4; lastKnownFileType = sourcecode.swift; path = StoreShopItem.swift; sourceTree = "<group>"; };
		049BD1FB2CA276130051EB42 /* ConfettiElement.swift */ = {isa = PBXFileReference; fileEncoding = 4; lastKnownFileType = sourcecode.swift; path = ConfettiElement.swift; sourceTree = "<group>"; };
		049BD1FC2CA276130051EB42 /* AnimatedImage.swift */ = {isa = PBXFileReference; fileEncoding = 4; lastKnownFileType = sourcecode.swift; path = AnimatedImage.swift; sourceTree = "<group>"; };
		049BD1FD2CA276130051EB42 /* TaskItemView.swift */ = {isa = PBXFileReference; fileEncoding = 4; lastKnownFileType = sourcecode.swift; path = TaskItemView.swift; sourceTree = "<group>"; };
		049BD1FE2CA276130051EB42 /* ThreeDots.swift */ = {isa = PBXFileReference; fileEncoding = 4; lastKnownFileType = sourcecode.swift; path = ThreeDots.swift; sourceTree = "<group>"; };
		049BD1FF2CA276130051EB42 /* Toast.swift */ = {isa = PBXFileReference; fileEncoding = 4; lastKnownFileType = sourcecode.swift; path = Toast.swift; sourceTree = "<group>"; };
		049BD2002CA276130051EB42 /* SharedRowView.swift */ = {isa = PBXFileReference; fileEncoding = 4; lastKnownFileType = sourcecode.swift; path = SharedRowView.swift; sourceTree = "<group>"; };
		049BD2012CA276130051EB42 /* ProcessRowView.swift */ = {isa = PBXFileReference; fileEncoding = 4; lastKnownFileType = sourcecode.swift; path = ProcessRowView.swift; sourceTree = "<group>"; };
		049BD2022CA276130051EB42 /* TaskItemCheckbox.swift */ = {isa = PBXFileReference; fileEncoding = 4; lastKnownFileType = sourcecode.swift; path = TaskItemCheckbox.swift; sourceTree = "<group>"; };
		049BD20C2CA2764D0051EB42 /* TaskManager.swift */ = {isa = PBXFileReference; fileEncoding = 4; lastKnownFileType = sourcecode.swift; path = TaskManager.swift; sourceTree = "<group>"; };
		049BD2122CA277BE0051EB42 /* GoogleService-Info.plist */ = {isa = PBXFileReference; fileEncoding = 4; lastKnownFileType = text.plist.xml; path = "GoogleService-Info.plist"; sourceTree = "<group>"; };
		049BD2152CA27C480051EB42 /* ARViewContainer.swift */ = {isa = PBXFileReference; fileEncoding = 4; lastKnownFileType = sourcecode.swift; path = ARViewContainer.swift; sourceTree = "<group>"; };
		049BD2162CA27C480051EB42 /* OtherView.swift */ = {isa = PBXFileReference; fileEncoding = 4; lastKnownFileType = sourcecode.swift; path = OtherView.swift; sourceTree = "<group>"; };
		049BD2172CA27C480051EB42 /* SheetView.swift */ = {isa = PBXFileReference; fileEncoding = 4; lastKnownFileType = sourcecode.swift; path = SheetView.swift; sourceTree = "<group>"; };
		049BD21C2CA27EF10051EB42 /* Info.plist */ = {isa = PBXFileReference; lastKnownFileType = text.plist; path = Info.plist; sourceTree = "<group>"; };
		049BD21D2CA27FBE0051EB42 /* UserData.swift */ = {isa = PBXFileReference; lastKnownFileType = sourcecode.swift; path = UserData.swift; sourceTree = "<group>"; };
		04A2CFDB2CA0FD3F0061DCC2 /* ShopItem.swift */ = {isa = PBXFileReference; lastKnownFileType = sourcecode.swift; path = ShopItem.swift; sourceTree = "<group>"; };
		04BC84242C9BCC9300F90E0A /* GoogleService-Info.plist */ = {isa = PBXFileReference; fileEncoding = 4; lastKnownFileType = text.plist; name = "GoogleService-Info.plist"; path = "/Downloads/GoogleService-Info.plist"; sourceTree = "<absolute>"; };
/* End PBXFileReference section */

/* Begin PBXFrameworksBuildPhase section */
		049A22DA2C912ECA0071854C /* Frameworks */ = {
			isa = PBXFrameworksBuildPhase;
			buildActionMask = 2147483647;
			files = (
				049A23312C9299000071854C /* FirebaseDatabase in Frameworks */,
				049A23252C9143340071854C /* FirebaseAnalytics in Frameworks */,
				049BD1F92CA275C40051EB42 /* FirebaseFirestore in Frameworks */,
			);
			runOnlyForDeploymentPostprocessing = 0;
		};
		049A22EC2C912ECB0071854C /* Frameworks */ = {
			isa = PBXFrameworksBuildPhase;
			buildActionMask = 2147483647;
			files = (
			);
			runOnlyForDeploymentPostprocessing = 0;
		};
		049A22F62C912ECB0071854C /* Frameworks */ = {
			isa = PBXFrameworksBuildPhase;
			buildActionMask = 2147483647;
			files = (
			);
			runOnlyForDeploymentPostprocessing = 0;
		};
/* End PBXFrameworksBuildPhase section */

/* Begin PBXGroup section */
		049A22D42C912ECA0071854C = {
			isa = PBXGroup;
			children = (
				049A22DF2C912ECA0071854C /* tamagotchi */,
				049A22F22C912ECB0071854C /* tamagotchiTests */,
				049A22FC2C912ECB0071854C /* tamagotchiUITests */,
				049A22DE2C912ECA0071854C /* Products */,
				049BD1E72CA2732C0051EB42 /* Recovered References */,
			);
			sourceTree = "<group>";
		};
		049A22DE2C912ECA0071854C /* Products */ = {
			isa = PBXGroup;
			children = (
				049A22DD2C912ECA0071854C /* tamagotchi.app */,
				049A22EF2C912ECB0071854C /* tamagotchiTests.xctest */,
				049A22F92C912ECB0071854C /* tamagotchiUITests.xctest */,
			);
			name = Products;
			sourceTree = "<group>";
		};
		049A22DF2C912ECA0071854C /* tamagotchi */ = {
			isa = PBXGroup;
			children = (
				049BD21C2CA27EF10051EB42 /* Info.plist */,
				049BD2122CA277BE0051EB42 /* GoogleService-Info.plist */,
				049BD1EC2CA273AC0051EB42 /* Rabbit.usdz */,
				049A230C2C9130670071854C /* data */,
				049A22E02C912ECA0071854C /* tamagotchiApp.swift */,
				049A231D2C91393F0071854C /* LoginView.swift */,
				049A22E22C912ECA0071854C /* ContentView.swift */,
				049A22E42C912ECA0071854C /* Item.swift */,
				049A22E62C912ECB0071854C /* Assets.xcassets */,
				049A22E82C912ECB0071854C /* Preview Content */,
			);
			path = tamagotchi;
			sourceTree = "<group>";
		};
		049A22E82C912ECB0071854C /* Preview Content */ = {
			isa = PBXGroup;
			children = (
				049A22E92C912ECB0071854C /* Preview Assets.xcassets */,
			);
			path = "Preview Content";
			sourceTree = "<group>";
		};
		049A22F22C912ECB0071854C /* tamagotchiTests */ = {
			isa = PBXGroup;
			children = (
				049A22F32C912ECB0071854C /* tamagotchiTests.swift */,
			);
			path = tamagotchiTests;
			sourceTree = "<group>";
		};
		049A22FC2C912ECB0071854C /* tamagotchiUITests */ = {
			isa = PBXGroup;
			children = (
				049A22FD2C912ECB0071854C /* tamagotchiUITests.swift */,
				049A22FF2C912ECB0071854C /* tamagotchiUITestsLaunchTests.swift */,
			);
			path = tamagotchiUITests;
			sourceTree = "<group>";
		};
		049A230C2C9130670071854C /* data */ = {
			isa = PBXGroup;
			children = (
				049BD20C2CA2764D0051EB42 /* TaskManager.swift */,
				049A233F2C93DE3C0071854C /* elements */,
				049A233A2C93DB240071854C /* views */,
				049A23262C9148000071854C /* entities */,
				049BD21D2CA27FBE0051EB42 /* UserData.swift */,
			);
			path = data;
			sourceTree = "<group>";
		};
		049A23262C9148000071854C /* entities */ = {
			isa = PBXGroup;
			children = (
				049BD1EE2CA273FB0051EB42 /* User.swift */,
				049A23132C9133F60071854C /* Pet.swift */,
				049A23172C9136B60071854C /* TaskItem.swift */,
				049A231B2C9138460071854C /* TaskList.swift */,
				049A23112C9133810071854C /* Notification.swift */,
				04A2CFDB2CA0FD3F0061DCC2 /* ShopItem.swift */,
			);
			path = entities;
			sourceTree = "<group>";
		};
		049A233A2C93DB240071854C /* views */ = {
			isa = PBXGroup;
			children = (
				049BD2182CA27C480051EB42 /* ar */,
				049A233E2C93DBB10071854C /* pet */,
				049A233D2C93DB970071854C /* friends */,
				049A233C2C93DB8C0071854C /* tasklist */,
				049A233B2C93DB330071854C /* profiling */,
				049A23462C93E3940071854C /* HomeView.swift */,
			);
			path = views;
			sourceTree = "<group>";
		};
		049A233B2C93DB330071854C /* profiling */ = {
			isa = PBXGroup;
			children = (
				0465D5672C9D76F900765D53 /* GetStartedView2.swift */,
				0465D5442C9BD85000765D53 /* Step1View.swift */,
				0465D5462C9BD85B00765D53 /* Step2View.swift */,
				0465D5482C9BD86300765D53 /* ChooseBPView.swift */,
				0465D5692CA127D300765D53 /* ChooseDBHView.swift */,
				0465D56B2CA128D900765D53 /* ChooseISView.swift */,
				0465D56D2CA15FDB00765D53 /* chooseTest.swift */,
				047F71C82CA27CE000B8D82F /* PlansView.swift */,
				04F474A72CA284BC00FE60D1 /* FinalizePlanView.swift */,
				0465D5652C9D727400765D53 /* DotProgressView.swift */,
			);
			path = profiling;
			sourceTree = "<group>";
		};
		049A233C2C93DB8C0071854C /* tasklist */ = {
			isa = PBXGroup;
			children = (
				049BD1F02CA2743D0051EB42 /* TaskListCreateView.swift */,
				049BD1F12CA2743D0051EB42 /* TaskListDetailsView.swift */,
				049BD1F32CA2743D0051EB42 /* TaskListHomeView.swift */,
				049BD1F22CA2743D0051EB42 /* TaskListSharedView.swift */,
			);
			path = tasklist;
			sourceTree = "<group>";
		};
		049A233D2C93DB970071854C /* friends */ = {
			isa = PBXGroup;
			children = (
				049A23442C93E2CB0071854C /* FriendsMainView.swift */,
				049DA36C2C9A891700E9B05B /* AddFriendsView.swift */,
			);
			path = friends;
			sourceTree = "<group>";
		};
		049A233E2C93DBB10071854C /* pet */ = {
			isa = PBXGroup;
			children = (
				049A23422C93E2650071854C /* PetMainView.swift */,
				0428D6B22C9D31E000C748FA /* PetShop.swift */,
			);
			path = pet;
			sourceTree = "<group>";
		};
		049A233F2C93DE3C0071854C /* elements */ = {
			isa = PBXGroup;
			children = (
				049BD1FC2CA276130051EB42 /* AnimatedImage.swift */,
				049BD1FB2CA276130051EB42 /* ConfettiElement.swift */,
				049BD2012CA276130051EB42 /* ProcessRowView.swift */,
				049BD2002CA276130051EB42 /* SharedRowView.swift */,
				049BD1FA2CA276130051EB42 /* StoreShopItem.swift */,
				049BD2022CA276130051EB42 /* TaskItemCheckbox.swift */,
				049BD1FD2CA276130051EB42 /* TaskItemView.swift */,
				049BD1FE2CA276130051EB42 /* ThreeDots.swift */,
				049BD1FF2CA276130051EB42 /* Toast.swift */,
			);
			path = elements;
			sourceTree = "<group>";
		};
		049BD1E72CA2732C0051EB42 /* Recovered References */ = {
			isa = PBXGroup;
			children = (
				04BC84242C9BCC9300F90E0A /* GoogleService-Info.plist */,
			);
			name = "Recovered References";
			sourceTree = "<group>";
		};
		049BD2182CA27C480051EB42 /* ar */ = {
			isa = PBXGroup;
			children = (
				049BD2152CA27C480051EB42 /* ARViewContainer.swift */,
				049BD2162CA27C480051EB42 /* OtherView.swift */,
				049BD2172CA27C480051EB42 /* SheetView.swift */,
			);
			path = ar;
			sourceTree = "<group>";
		};
/* End PBXGroup section */

/* Begin PBXNativeTarget section */
		049A22DC2C912ECA0071854C /* tamagotchi */ = {
			isa = PBXNativeTarget;
			buildConfigurationList = 049A23032C912ECB0071854C /* Build configuration list for PBXNativeTarget "tamagotchi" */;
			buildPhases = (
				049A22D92C912ECA0071854C /* Sources */,
				049A22DA2C912ECA0071854C /* Frameworks */,
				049A22DB2C912ECA0071854C /* Resources */,
			);
			buildRules = (
			);
			dependencies = (
			);
			name = tamagotchi;
			packageProductDependencies = (
				049A23242C9143340071854C /* FirebaseAnalytics */,
				049A23302C9299000071854C /* FirebaseDatabase */,
				049BD1F82CA275C40051EB42 /* FirebaseFirestore */,
			);
			productName = tamagotchi;
			productReference = 049A22DD2C912ECA0071854C /* tamagotchi.app */;
			productType = "com.apple.product-type.application";
		};
		049A22EE2C912ECB0071854C /* tamagotchiTests */ = {
			isa = PBXNativeTarget;
			buildConfigurationList = 049A23062C912ECB0071854C /* Build configuration list for PBXNativeTarget "tamagotchiTests" */;
			buildPhases = (
				049A22EB2C912ECB0071854C /* Sources */,
				049A22EC2C912ECB0071854C /* Frameworks */,
				049A22ED2C912ECB0071854C /* Resources */,
			);
			buildRules = (
			);
			dependencies = (
				049A22F12C912ECB0071854C /* PBXTargetDependency */,
			);
			name = tamagotchiTests;
			productName = tamagotchiTests;
			productReference = 049A22EF2C912ECB0071854C /* tamagotchiTests.xctest */;
			productType = "com.apple.product-type.bundle.unit-test";
		};
		049A22F82C912ECB0071854C /* tamagotchiUITests */ = {
			isa = PBXNativeTarget;
			buildConfigurationList = 049A23092C912ECB0071854C /* Build configuration list for PBXNativeTarget "tamagotchiUITests" */;
			buildPhases = (
				049A22F52C912ECB0071854C /* Sources */,
				049A22F62C912ECB0071854C /* Frameworks */,
				049A22F72C912ECB0071854C /* Resources */,
			);
			buildRules = (
			);
			dependencies = (
				049A22FB2C912ECB0071854C /* PBXTargetDependency */,
			);
			name = tamagotchiUITests;
			productName = tamagotchiUITests;
			productReference = 049A22F92C912ECB0071854C /* tamagotchiUITests.xctest */;
			productType = "com.apple.product-type.bundle.ui-testing";
		};
/* End PBXNativeTarget section */

/* Begin PBXProject section */
		049A22D52C912ECA0071854C /* Project object */ = {
			isa = PBXProject;
			attributes = {
				BuildIndependentTargetsInParallel = 1;
				LastSwiftUpdateCheck = 1530;
				LastUpgradeCheck = 1530;
				TargetAttributes = {
					049A22DC2C912ECA0071854C = {
						CreatedOnToolsVersion = 15.3;
					};
					049A22EE2C912ECB0071854C = {
						CreatedOnToolsVersion = 15.3;
						TestTargetID = 049A22DC2C912ECA0071854C;
					};
					049A22F82C912ECB0071854C = {
						CreatedOnToolsVersion = 15.3;
						TestTargetID = 049A22DC2C912ECA0071854C;
					};
				};
			};
			buildConfigurationList = 049A22D82C912ECA0071854C /* Build configuration list for PBXProject "tamagotchi" */;
			compatibilityVersion = "Xcode 14.0";
			developmentRegion = en;
			hasScannedForEncodings = 0;
			knownRegions = (
				en,
				Base,
			);
			mainGroup = 049A22D42C912ECA0071854C;
			packageReferences = (
				049A23232C9143340071854C /* XCRemoteSwiftPackageReference "firebase-ios-sdk" */,
			);
			productRefGroup = 049A22DE2C912ECA0071854C /* Products */;
			projectDirPath = "";
			projectRoot = "";
			targets = (
				049A22DC2C912ECA0071854C /* tamagotchi */,
				049A22EE2C912ECB0071854C /* tamagotchiTests */,
				049A22F82C912ECB0071854C /* tamagotchiUITests */,
			);
		};
/* End PBXProject section */

/* Begin PBXResourcesBuildPhase section */
		049A22DB2C912ECA0071854C /* Resources */ = {
			isa = PBXResourcesBuildPhase;
			buildActionMask = 2147483647;
			files = (
				049BD2142CA27BD10051EB42 /* Assets.xcassets in Resources */,
				049BD1ED2CA273AC0051EB42 /* Rabbit.usdz in Resources */,
				049BD2132CA277BE0051EB42 /* GoogleService-Info.plist in Resources */,
			);
			runOnlyForDeploymentPostprocessing = 0;
		};
		049A22ED2C912ECB0071854C /* Resources */ = {
			isa = PBXResourcesBuildPhase;
			buildActionMask = 2147483647;
			files = (
			);
			runOnlyForDeploymentPostprocessing = 0;
		};
		049A22F72C912ECB0071854C /* Resources */ = {
			isa = PBXResourcesBuildPhase;
			buildActionMask = 2147483647;
			files = (
			);
			runOnlyForDeploymentPostprocessing = 0;
		};
/* End PBXResourcesBuildPhase section */

/* Begin PBXSourcesBuildPhase section */
		049A22D92C912ECA0071854C /* Sources */ = {
			isa = PBXSourcesBuildPhase;
			buildActionMask = 2147483647;
			files = (
				049BD2062CA276130051EB42 /* TaskItemView.swift in Sources */,
				04A2CFDC2CA0FD3F0061DCC2 /* ShopItem.swift in Sources */,
				049A231C2C9138460071854C /* TaskList.swift in Sources */,
				049BD1F72CA2743D0051EB42 /* TaskListHomeView.swift in Sources */,
				049A23142C9133F60071854C /* Pet.swift in Sources */,
				049BD20A2CA276130051EB42 /* ProcessRowView.swift in Sources */,
				049BD1F42CA2743D0051EB42 /* TaskListCreateView.swift in Sources */,
				049A23432C93E2650071854C /* PetMainView.swift in Sources */,
				049BD2072CA276130051EB42 /* ThreeDots.swift in Sources */,
				049BD2052CA276130051EB42 /* AnimatedImage.swift in Sources */,
				049A23472C93E3940071854C /* HomeView.swift in Sources */,
				049BD21A2CA27C480051EB42 /* OtherView.swift in Sources */,
				0465D5682C9D76F900765D53 /* GetStartedView2.swift in Sources */,
				047F71C92CA27CE000B8D82F /* PlansView.swift in Sources */,
				0465D5452C9BD85000765D53 /* Step1View.swift in Sources */,
				049A23452C93E2CB0071854C /* FriendsMainView.swift in Sources */,
				049BD1F52CA2743D0051EB42 /* TaskListDetailsView.swift in Sources */,
				0465D5492C9BD86300765D53 /* ChooseBPView.swift in Sources */,
				049BD2032CA276130051EB42 /* StoreShopItem.swift in Sources */,
				049BD21E2CA27FBE0051EB42 /* UserData.swift in Sources */,
				0465D5662C9D727400765D53 /* DotProgressView.swift in Sources */,
				049A230E2C9130860071854C /* User.swift in Sources */,
				04F474A82CA284BC00FE60D1 /* FinalizePlanView.swift in Sources */,
				049BD20D2CA2764D0051EB42 /* TaskManager.swift in Sources */,
				049BD2082CA276130051EB42 /* Toast.swift in Sources */,
				049BD2092CA276130051EB42 /* SharedRowView.swift in Sources */,
				0465D56E2CA15FDB00765D53 /* chooseTest.swift in Sources */,
				049A231E2C91393F0071854C /* LoginView.swift in Sources */,
        04A2CFE22CA138D20061DCC2 /* AnimatedImage.swift in Sources */,
				049A23352C93CD260071854C /* TaskListHomeView.swift in Sources */,
				049DA36D2C9A891700E9B05B /* AddFriendsView.swift in Sources */,
				049BD2192CA27C480051EB42 /* ARViewContainer.swift in Sources */,
				0465D5472C9BD85B00765D53 /* Step2View.swift in Sources */,
				0465D56C2CA128D900765D53 /* ChooseISView.swift in Sources */,
				049A22E32C912ECA0071854C /* ContentView.swift in Sources */,
				049BD1EF2CA273FB0051EB42 /* User.swift in Sources */,
				0465D56A2CA127D300765D53 /* ChooseDBHView.swift in Sources */,
				049BD20B2CA276130051EB42 /* TaskItemCheckbox.swift in Sources */,
				049BD21B2CA27C480051EB42 /* SheetView.swift in Sources */,
				049BD1F62CA2743D0051EB42 /* TaskListSharedView.swift in Sources */,
				049BD2042CA276130051EB42 /* ConfettiElement.swift in Sources */,
				049A23182C9136B60071854C /* TaskItem.swift in Sources */,
				049A23122C9133810071854C /* Notification.swift in Sources */,
				049A22E52C912ECA0071854C /* Item.swift in Sources */,
				0428D6B32C9D31E000C748FA /* PetShop.swift in Sources */,
				049A22E12C912ECA0071854C /* tamagotchiApp.swift in Sources */,
			);
			runOnlyForDeploymentPostprocessing = 0;
		};
		049A22EB2C912ECB0071854C /* Sources */ = {
			isa = PBXSourcesBuildPhase;
			buildActionMask = 2147483647;
			files = (
				049A22F42C912ECB0071854C /* tamagotchiTests.swift in Sources */,
			);
			runOnlyForDeploymentPostprocessing = 0;
		};
		049A22F52C912ECB0071854C /* Sources */ = {
			isa = PBXSourcesBuildPhase;
			buildActionMask = 2147483647;
			files = (
				049A22FE2C912ECB0071854C /* tamagotchiUITests.swift in Sources */,
				049A23002C912ECB0071854C /* tamagotchiUITestsLaunchTests.swift in Sources */,
			);
			runOnlyForDeploymentPostprocessing = 0;
		};
/* End PBXSourcesBuildPhase section */

/* Begin PBXTargetDependency section */
		049A22F12C912ECB0071854C /* PBXTargetDependency */ = {
			isa = PBXTargetDependency;
			target = 049A22DC2C912ECA0071854C /* tamagotchi */;
			targetProxy = 049A22F02C912ECB0071854C /* PBXContainerItemProxy */;
		};
		049A22FB2C912ECB0071854C /* PBXTargetDependency */ = {
			isa = PBXTargetDependency;
			target = 049A22DC2C912ECA0071854C /* tamagotchi */;
			targetProxy = 049A22FA2C912ECB0071854C /* PBXContainerItemProxy */;
		};
/* End PBXTargetDependency section */

/* Begin XCBuildConfiguration section */
		049A23012C912ECB0071854C /* Debug */ = {
			isa = XCBuildConfiguration;
			buildSettings = {
				ALWAYS_SEARCH_USER_PATHS = NO;
				ASSETCATALOG_COMPILER_GENERATE_SWIFT_ASSET_SYMBOL_EXTENSIONS = YES;
				CLANG_ANALYZER_NONNULL = YES;
				CLANG_ANALYZER_NUMBER_OBJECT_CONVERSION = YES_AGGRESSIVE;
				CLANG_CXX_LANGUAGE_STANDARD = "gnu++20";
				CLANG_ENABLE_MODULES = YES;
				CLANG_ENABLE_OBJC_ARC = YES;
				CLANG_ENABLE_OBJC_WEAK = YES;
				CLANG_WARN_BLOCK_CAPTURE_AUTORELEASING = YES;
				CLANG_WARN_BOOL_CONVERSION = YES;
				CLANG_WARN_COMMA = YES;
				CLANG_WARN_CONSTANT_CONVERSION = YES;
				CLANG_WARN_DEPRECATED_OBJC_IMPLEMENTATIONS = YES;
				CLANG_WARN_DIRECT_OBJC_ISA_USAGE = YES_ERROR;
				CLANG_WARN_DOCUMENTATION_COMMENTS = YES;
				CLANG_WARN_EMPTY_BODY = YES;
				CLANG_WARN_ENUM_CONVERSION = YES;
				CLANG_WARN_INFINITE_RECURSION = YES;
				CLANG_WARN_INT_CONVERSION = YES;
				CLANG_WARN_NON_LITERAL_NULL_CONVERSION = YES;
				CLANG_WARN_OBJC_IMPLICIT_RETAIN_SELF = YES;
				CLANG_WARN_OBJC_LITERAL_CONVERSION = YES;
				CLANG_WARN_OBJC_ROOT_CLASS = YES_ERROR;
				CLANG_WARN_QUOTED_INCLUDE_IN_FRAMEWORK_HEADER = YES;
				CLANG_WARN_RANGE_LOOP_ANALYSIS = YES;
				CLANG_WARN_STRICT_PROTOTYPES = YES;
				CLANG_WARN_SUSPICIOUS_MOVE = YES;
				CLANG_WARN_UNGUARDED_AVAILABILITY = YES_AGGRESSIVE;
				CLANG_WARN_UNREACHABLE_CODE = YES;
				CLANG_WARN__DUPLICATE_METHOD_MATCH = YES;
				COPY_PHASE_STRIP = NO;
				DEBUG_INFORMATION_FORMAT = dwarf;
				ENABLE_STRICT_OBJC_MSGSEND = YES;
				ENABLE_TESTABILITY = YES;
				ENABLE_USER_SCRIPT_SANDBOXING = YES;
				GCC_C_LANGUAGE_STANDARD = gnu17;
				GCC_DYNAMIC_NO_PIC = NO;
				GCC_NO_COMMON_BLOCKS = YES;
				GCC_OPTIMIZATION_LEVEL = 0;
				GCC_PREPROCESSOR_DEFINITIONS = (
					"DEBUG=1",
					"$(inherited)",
				);
				GCC_WARN_64_TO_32_BIT_CONVERSION = YES;
				GCC_WARN_ABOUT_RETURN_TYPE = YES_ERROR;
				GCC_WARN_UNDECLARED_SELECTOR = YES;
				GCC_WARN_UNINITIALIZED_AUTOS = YES_AGGRESSIVE;
				GCC_WARN_UNUSED_FUNCTION = YES;
				GCC_WARN_UNUSED_VARIABLE = YES;
				IPHONEOS_DEPLOYMENT_TARGET = 17.4;
				LOCALIZATION_PREFERS_STRING_CATALOGS = YES;
				MTL_ENABLE_DEBUG_INFO = INCLUDE_SOURCE;
				MTL_FAST_MATH = YES;
				ONLY_ACTIVE_ARCH = YES;
				SDKROOT = iphoneos;
				SWIFT_ACTIVE_COMPILATION_CONDITIONS = "DEBUG $(inherited)";
				SWIFT_OPTIMIZATION_LEVEL = "-Onone";
			};
			name = Debug;
		};
		049A23022C912ECB0071854C /* Release */ = {
			isa = XCBuildConfiguration;
			buildSettings = {
				ALWAYS_SEARCH_USER_PATHS = NO;
				ASSETCATALOG_COMPILER_GENERATE_SWIFT_ASSET_SYMBOL_EXTENSIONS = YES;
				CLANG_ANALYZER_NONNULL = YES;
				CLANG_ANALYZER_NUMBER_OBJECT_CONVERSION = YES_AGGRESSIVE;
				CLANG_CXX_LANGUAGE_STANDARD = "gnu++20";
				CLANG_ENABLE_MODULES = YES;
				CLANG_ENABLE_OBJC_ARC = YES;
				CLANG_ENABLE_OBJC_WEAK = YES;
				CLANG_WARN_BLOCK_CAPTURE_AUTORELEASING = YES;
				CLANG_WARN_BOOL_CONVERSION = YES;
				CLANG_WARN_COMMA = YES;
				CLANG_WARN_CONSTANT_CONVERSION = YES;
				CLANG_WARN_DEPRECATED_OBJC_IMPLEMENTATIONS = YES;
				CLANG_WARN_DIRECT_OBJC_ISA_USAGE = YES_ERROR;
				CLANG_WARN_DOCUMENTATION_COMMENTS = YES;
				CLANG_WARN_EMPTY_BODY = YES;
				CLANG_WARN_ENUM_CONVERSION = YES;
				CLANG_WARN_INFINITE_RECURSION = YES;
				CLANG_WARN_INT_CONVERSION = YES;
				CLANG_WARN_NON_LITERAL_NULL_CONVERSION = YES;
				CLANG_WARN_OBJC_IMPLICIT_RETAIN_SELF = YES;
				CLANG_WARN_OBJC_LITERAL_CONVERSION = YES;
				CLANG_WARN_OBJC_ROOT_CLASS = YES_ERROR;
				CLANG_WARN_QUOTED_INCLUDE_IN_FRAMEWORK_HEADER = YES;
				CLANG_WARN_RANGE_LOOP_ANALYSIS = YES;
				CLANG_WARN_STRICT_PROTOTYPES = YES;
				CLANG_WARN_SUSPICIOUS_MOVE = YES;
				CLANG_WARN_UNGUARDED_AVAILABILITY = YES_AGGRESSIVE;
				CLANG_WARN_UNREACHABLE_CODE = YES;
				CLANG_WARN__DUPLICATE_METHOD_MATCH = YES;
				COPY_PHASE_STRIP = NO;
				DEBUG_INFORMATION_FORMAT = "dwarf-with-dsym";
				ENABLE_NS_ASSERTIONS = NO;
				ENABLE_STRICT_OBJC_MSGSEND = YES;
				ENABLE_USER_SCRIPT_SANDBOXING = YES;
				GCC_C_LANGUAGE_STANDARD = gnu17;
				GCC_NO_COMMON_BLOCKS = YES;
				GCC_WARN_64_TO_32_BIT_CONVERSION = YES;
				GCC_WARN_ABOUT_RETURN_TYPE = YES_ERROR;
				GCC_WARN_UNDECLARED_SELECTOR = YES;
				GCC_WARN_UNINITIALIZED_AUTOS = YES_AGGRESSIVE;
				GCC_WARN_UNUSED_FUNCTION = YES;
				GCC_WARN_UNUSED_VARIABLE = YES;
				IPHONEOS_DEPLOYMENT_TARGET = 17.4;
				LOCALIZATION_PREFERS_STRING_CATALOGS = YES;
				MTL_ENABLE_DEBUG_INFO = NO;
				MTL_FAST_MATH = YES;
				SDKROOT = iphoneos;
				SWIFT_COMPILATION_MODE = wholemodule;
				VALIDATE_PRODUCT = YES;
			};
			name = Release;
		};
		049A23042C912ECB0071854C /* Debug */ = {
			isa = XCBuildConfiguration;
			buildSettings = {
				ASSETCATALOG_COMPILER_APPICON_NAME = AppIcon;
				ASSETCATALOG_COMPILER_GLOBAL_ACCENT_COLOR_NAME = AccentColor;
				CODE_SIGN_IDENTITY = "Apple Development";
				CODE_SIGN_STYLE = Automatic;
				CURRENT_PROJECT_VERSION = 1;
				DEVELOPMENT_ASSET_PATHS = "\"tamagotchi/Preview Content\"";
				DEVELOPMENT_TEAM = QRL5NSR5NS;
				ENABLE_PREVIEWS = YES;
				GENERATE_INFOPLIST_FILE = YES;
				INFOPLIST_FILE = tamagotchi/Info.plist;
				INFOPLIST_KEY_NSCameraUsageDescription = "take ar shots";
				INFOPLIST_KEY_NSPhotoLibraryAddUsageDescription = "add ar shots";
				INFOPLIST_KEY_UIApplicationSceneManifest_Generation = YES;
				INFOPLIST_KEY_UIApplicationSupportsIndirectInputEvents = YES;
				INFOPLIST_KEY_UILaunchScreen_Generation = YES;
				INFOPLIST_KEY_UISupportedInterfaceOrientations_iPad = "UIInterfaceOrientationPortrait UIInterfaceOrientationPortraitUpsideDown UIInterfaceOrientationLandscapeLeft UIInterfaceOrientationLandscapeRight";
				LD_RUNPATH_SEARCH_PATHS = (
					"$(inherited)",
					"@executable_path/Frameworks",
				);
				MARKETING_VERSION = 1.0;
				PRODUCT_BUNDLE_IDENTIFIER = "kelompok5-2.tamagotchi";
				PRODUCT_NAME = "$(TARGET_NAME)";
				PROVISIONING_PROFILE_SPECIFIER = "";
				SWIFT_EMIT_LOC_STRINGS = YES;
				SWIFT_VERSION = 5.0;
				TARGETED_DEVICE_FAMILY = "1,2";
			};
			name = Debug;
		};
		049A23052C912ECB0071854C /* Release */ = {
			isa = XCBuildConfiguration;
			buildSettings = {
				ASSETCATALOG_COMPILER_APPICON_NAME = AppIcon;
				ASSETCATALOG_COMPILER_GLOBAL_ACCENT_COLOR_NAME = AccentColor;
				CODE_SIGN_IDENTITY = "Apple Development";
				CODE_SIGN_STYLE = Automatic;
				CURRENT_PROJECT_VERSION = 1;
				DEVELOPMENT_ASSET_PATHS = "\"tamagotchi/Preview Content\"";
				DEVELOPMENT_TEAM = QRL5NSR5NS;
				ENABLE_PREVIEWS = YES;
				GENERATE_INFOPLIST_FILE = YES;
				INFOPLIST_FILE = tamagotchi/Info.plist;
				INFOPLIST_KEY_NSCameraUsageDescription = "take ar shots";
				INFOPLIST_KEY_NSPhotoLibraryAddUsageDescription = "add ar shots";
				INFOPLIST_KEY_UIApplicationSceneManifest_Generation = YES;
				INFOPLIST_KEY_UIApplicationSupportsIndirectInputEvents = YES;
				INFOPLIST_KEY_UILaunchScreen_Generation = YES;
				INFOPLIST_KEY_UISupportedInterfaceOrientations_iPad = "UIInterfaceOrientationPortrait UIInterfaceOrientationPortraitUpsideDown UIInterfaceOrientationLandscapeLeft UIInterfaceOrientationLandscapeRight";
				LD_RUNPATH_SEARCH_PATHS = (
					"$(inherited)",
					"@executable_path/Frameworks",
				);
				MARKETING_VERSION = 1.0;
				PRODUCT_BUNDLE_IDENTIFIER = "kelompok5-2.tamagotchi";
				PRODUCT_NAME = "$(TARGET_NAME)";
				PROVISIONING_PROFILE_SPECIFIER = "";
				SWIFT_EMIT_LOC_STRINGS = YES;
				SWIFT_VERSION = 5.0;
				TARGETED_DEVICE_FAMILY = "1,2";
			};
			name = Release;
		};
		049A23072C912ECB0071854C /* Debug */ = {
			isa = XCBuildConfiguration;
			buildSettings = {
				ALWAYS_EMBED_SWIFT_STANDARD_LIBRARIES = YES;
				BUNDLE_LOADER = "$(TEST_HOST)";
				"CODE_SIGN_IDENTITY[sdk=macosx*]" = "Apple Development";
				CODE_SIGN_STYLE = Automatic;
				CURRENT_PROJECT_VERSION = 1;
				DEVELOPMENT_TEAM = SW7998CMJ2;
				GENERATE_INFOPLIST_FILE = YES;
				IPHONEOS_DEPLOYMENT_TARGET = 17.4;
				MARKETING_VERSION = 1.0;
				PRODUCT_BUNDLE_IDENTIFIER = kelompok5.tamagotchiTests;
				PRODUCT_NAME = "$(TARGET_NAME)";
				SWIFT_EMIT_LOC_STRINGS = NO;
				SWIFT_VERSION = 5.0;
				TARGETED_DEVICE_FAMILY = "1,2";
				TEST_HOST = "$(BUILT_PRODUCTS_DIR)/tamagotchi.app/$(BUNDLE_EXECUTABLE_FOLDER_PATH)/tamagotchi";
			};
			name = Debug;
		};
		049A23082C912ECB0071854C /* Release */ = {
			isa = XCBuildConfiguration;
			buildSettings = {
				ALWAYS_EMBED_SWIFT_STANDARD_LIBRARIES = YES;
				BUNDLE_LOADER = "$(TEST_HOST)";
				"CODE_SIGN_IDENTITY[sdk=macosx*]" = "Apple Development";
				CODE_SIGN_STYLE = Automatic;
				CURRENT_PROJECT_VERSION = 1;
				DEVELOPMENT_TEAM = SW7998CMJ2;
				GENERATE_INFOPLIST_FILE = YES;
				IPHONEOS_DEPLOYMENT_TARGET = 17.4;
				MARKETING_VERSION = 1.0;
				PRODUCT_BUNDLE_IDENTIFIER = kelompok5.tamagotchiTests;
				PRODUCT_NAME = "$(TARGET_NAME)";
				SWIFT_EMIT_LOC_STRINGS = NO;
				SWIFT_VERSION = 5.0;
				TARGETED_DEVICE_FAMILY = "1,2";
				TEST_HOST = "$(BUILT_PRODUCTS_DIR)/tamagotchi.app/$(BUNDLE_EXECUTABLE_FOLDER_PATH)/tamagotchi";
			};
			name = Release;
		};
		049A230A2C912ECB0071854C /* Debug */ = {
			isa = XCBuildConfiguration;
			buildSettings = {
				ALWAYS_EMBED_SWIFT_STANDARD_LIBRARIES = YES;
				CODE_SIGN_STYLE = Automatic;
				CURRENT_PROJECT_VERSION = 1;
				DEVELOPMENT_TEAM = SW7998CMJ2;
				GENERATE_INFOPLIST_FILE = YES;
				MARKETING_VERSION = 1.0;
				PRODUCT_BUNDLE_IDENTIFIER = kelompok5hia.tamagotchi;
				PRODUCT_NAME = "$(TARGET_NAME)";
				SWIFT_EMIT_LOC_STRINGS = NO;
				SWIFT_VERSION = 5.0;
				TARGETED_DEVICE_FAMILY = "1,2";
				TEST_TARGET_NAME = tamagotchi;
			};
			name = Debug;
		};
		049A230B2C912ECB0071854C /* Release */ = {
			isa = XCBuildConfiguration;
			buildSettings = {
				ALWAYS_EMBED_SWIFT_STANDARD_LIBRARIES = YES;
				CODE_SIGN_STYLE = Automatic;
				CURRENT_PROJECT_VERSION = 1;
				DEVELOPMENT_TEAM = SW7998CMJ2;
				GENERATE_INFOPLIST_FILE = YES;
				MARKETING_VERSION = 1.0;
				PRODUCT_BUNDLE_IDENTIFIER = kelompok5hia.tamagotchi;
				PRODUCT_NAME = "$(TARGET_NAME)";
				SWIFT_EMIT_LOC_STRINGS = NO;
				SWIFT_VERSION = 5.0;
				TARGETED_DEVICE_FAMILY = "1,2";
				TEST_TARGET_NAME = tamagotchi;
			};
			name = Release;
		};
/* End XCBuildConfiguration section */

/* Begin XCConfigurationList section */
		049A22D82C912ECA0071854C /* Build configuration list for PBXProject "tamagotchi" */ = {
			isa = XCConfigurationList;
			buildConfigurations = (
				049A23012C912ECB0071854C /* Debug */,
				049A23022C912ECB0071854C /* Release */,
			);
			defaultConfigurationIsVisible = 0;
			defaultConfigurationName = Release;
		};
		049A23032C912ECB0071854C /* Build configuration list for PBXNativeTarget "tamagotchi" */ = {
			isa = XCConfigurationList;
			buildConfigurations = (
				049A23042C912ECB0071854C /* Debug */,
				049A23052C912ECB0071854C /* Release */,
			);
			defaultConfigurationIsVisible = 0;
			defaultConfigurationName = Release;
		};
		049A23062C912ECB0071854C /* Build configuration list for PBXNativeTarget "tamagotchiTests" */ = {
			isa = XCConfigurationList;
			buildConfigurations = (
				049A23072C912ECB0071854C /* Debug */,
				049A23082C912ECB0071854C /* Release */,
			);
			defaultConfigurationIsVisible = 0;
			defaultConfigurationName = Release;
		};
		049A23092C912ECB0071854C /* Build configuration list for PBXNativeTarget "tamagotchiUITests" */ = {
			isa = XCConfigurationList;
			buildConfigurations = (
				049A230A2C912ECB0071854C /* Debug */,
				049A230B2C912ECB0071854C /* Release */,
			);
			defaultConfigurationIsVisible = 0;
			defaultConfigurationName = Release;
		};
/* End XCConfigurationList section */

/* Begin XCRemoteSwiftPackageReference section */
		049A23232C9143340071854C /* XCRemoteSwiftPackageReference "firebase-ios-sdk" */ = {
			isa = XCRemoteSwiftPackageReference;
			repositoryURL = "https://github.com/firebase/firebase-ios-sdk";
			requirement = {
				kind = upToNextMajorVersion;
				minimumVersion = 11.2.0;
			};
		};
/* End XCRemoteSwiftPackageReference section */

/* Begin XCSwiftPackageProductDependency section */
		049A23242C9143340071854C /* FirebaseAnalytics */ = {
			isa = XCSwiftPackageProductDependency;
			package = 049A23232C9143340071854C /* XCRemoteSwiftPackageReference "firebase-ios-sdk" */;
			productName = FirebaseAnalytics;
		};
		049A23302C9299000071854C /* FirebaseDatabase */ = {
			isa = XCSwiftPackageProductDependency;
			package = 049A23232C9143340071854C /* XCRemoteSwiftPackageReference "firebase-ios-sdk" */;
			productName = FirebaseDatabase;
		};
		049BD1F82CA275C40051EB42 /* FirebaseFirestore */ = {
			isa = XCSwiftPackageProductDependency;
			package = 049A23232C9143340071854C /* XCRemoteSwiftPackageReference "firebase-ios-sdk" */;
			productName = FirebaseFirestore;
		};
/* End XCSwiftPackageProductDependency section */
	};
	rootObject = 049A22D52C912ECA0071854C /* Project object */;
}
